{
  "requires": true,
  "lockfileVersion": 1,
  "dependencies": {
    "livr": {
      "version": "2.3.1",
      "resolved": "https://registry.npmjs.org/livr/-/livr-2.3.1.tgz",
      "integrity": "sha512-3WgnAPd5Gd6i+z/CiwkH/hOwG9FAVDJhh6Ts4lVHZbtdOnNlY+zxdCVnpmFywQT8FwpmVSi2q7F8ZlHTRgHdSA=="
    }
  }
}
